<?xml version="1.0" encoding="utf-8"?>
<Project ToolsVersion="4.0" xmlns="http://schemas.microsoft.com/developer/msbuild/2003">
  <ItemGroup>
    <ClCompile Include="..\src\main.cpp" />
    <ClCompile Include="..\src\core\hooks.cpp">
      <Filter>core</Filter>
    </ClCompile>
    <ClCompile Include="..\src\core\globals.cpp">
      <Filter>core</Filter>
    </ClCompile>
    <ClCompile Include="..\src\utils\mem_utils.cpp">
      <Filter>utils</Filter>
    </ClCompile>
    <ClCompile Include="..\src\utils\mdl_utils.cpp">
      <Filter>utils</Filter>
    </ClCompile>
  </ItemGroup>
  <ItemGroup>
    <Filter Include="utils">
      <UniqueIdentifier>{c9efc501-9d77-4d75-8f76-d32c47027457}</UniqueIdentifier>
    </Filter>
    <Filter Include="core">
      <UniqueIdentifier>{feec2d36-1c38-418f-96ad-97f3986c8683}</UniqueIdentifier>
    </Filter>
    <Filter Include="common">
      <UniqueIdentifier>{e3e1f86c-37fa-472d-b276-6c1f30528ac0}</UniqueIdentifier>
    </Filter>
  </ItemGroup>
  <ItemGroup>
    <ClInclude Include="..\src\core\globals.hpp">
      <Filter>core</Filter>
    </ClInclude>
    <ClInclude Include="..\src\core\hooks.hpp">
      <Filter>core</Filter>
    </ClInclude>
    <ClInclude Include="..\src\common\logger.hpp">
      <Filter>common</Filter>
    </ClInclude>
    <ClInclude Include="..\src\utils\mem_utils.hpp">
      <Filter>utils</Filter>
    </ClInclude>
    <ClInclude Include="..\src\utils\mdl_utils.hpp">
      <Filter>utils</Filter>
    </ClInclude>
  </ItemGroup>
</Project>